
Microsoft Visual Studio Solution File, Format Version 12.00
# Visual Studio Version 17
VisualStudioVersion = 17.4.33122.133
MinimumVisualStudioVersion = 10.0.40219.1
Project("{FAE04EC0-301F-11D3-BF4B-00C04F79EFBC}") = "Lms", "Lms\Lms.csproj", "{C3B89D9E-2293-450B-AE0F-315B6A36FC03}"
EndProject
Global
	GlobalSection(SolutionConfigurationPlatforms) = preSolution
		Debug|Any CPU = Debug|Any CPU
		Release|Any CPU = Release|Any CPU
	EndGlobalSection
	GlobalSection(ProjectConfigurationPlatforms) = postSolution
		{C3B89D9E-2293-450B-AE0F-315B6A36FC03}.Debug|Any CPU.ActiveCfg = Debug|Any CPU
		{C3B89D9E-2293-450B-AE0F-315B6A36FC03}.Debug|Any CPU.Build.0 = Debug|Any CPU
		{C3B89D9E-2293-450B-AE0F-315B6A36FC03}.Release|Any CPU.ActiveCfg = Release|Any CPU
		{C3B89D9E-2293-450B-AE0F-315B6A36FC03}.Release|Any CPU.Build.0 = Release|Any CPU
	EndGlobalSection
	GlobalSection(SolutionProperties) = preSolution
		HideSolutionNode = FALSE
	EndGlobalSection
	GlobalSection(ExtensibilityGlobals) = postSolution
		SolutionGuid = {A75EB9E7-61A1-4866-92C2-99FFF809E9AC}
	EndGlobalSection
EndGlobal
